Microsoft Visual Studio Solution File, Format Version 12.00
# Visual Studio Version 17
VisualStudioVersion = 17.5.2.0
MinimumVisualStudioVersion = 10.0.40219.1
Project("{2150E333-8FDC-42A3-9474-1A3956D46DE8}") = "github_codewars-main", "github_codewars-main", "{51EEEA2E-7758-280E-9F81-ED9E9C0D344D}"
EndProject
Project("{FAE04EC0-301F-11D3-BF4B-00C04F79EFBC}") = "CodewarsGitHubLogger", "github_codewars-main\CodewarsGitHubLogger\CodewarsGitHubLogger.csproj", "{C0116281-1252-5807-E357-8F4100F77F6A}"
EndProject
Global
	GlobalSection(SolutionConfigurationPlatforms) = preSolution
		Debug|Any CPU = Debug|Any CPU
		Release|Any CPU = Release|Any CPU
	EndGlobalSection
	GlobalSection(ProjectConfigurationPlatforms) = postSolution
		{C0116281-1252-5807-E357-8F4100F77F6A}.Debug|Any CPU.ActiveCfg = Debug|Any CPU
		{C0116281-1252-5807-E357-8F4100F77F6A}.Debug|Any CPU.Build.0 = Debug|Any CPU
		{C0116281-1252-5807-E357-8F4100F77F6A}.Release|Any CPU.ActiveCfg = Release|Any CPU
		{C0116281-1252-5807-E357-8F4100F77F6A}.Release|Any CPU.Build.0 = Release|Any CPU
	EndGlobalSection
	GlobalSection(SolutionProperties) = preSolution
		HideSolutionNode = FALSE
	EndGlobalSection
	GlobalSection(NestedProjects) = preSolution
		{C0116281-1252-5807-E357-8F4100F77F6A} = {51EEEA2E-7758-280E-9F81-ED9E9C0D344D}
	EndGlobalSection
	GlobalSection(ExtensibilityGlobals) = postSolution
		SolutionGuid = {019A4E65-20EE-4145-B62C-8F41C5AFB6B1}
	EndGlobalSection
EndGlobal
